
Microsoft Visual Studio Solution File, Format Version 12.00
# Visual Studio 15
Project("{FAE04EC0-301F-11D3-BF4B-00C04F79EFBC}") = "numberslib", "numberslib.csproj", "{F4DEA026-41AB-4332-AB22-26C27A87FDBA}"
EndProject
Project("{FAE04EC0-301F-11D3-BF4B-00C04F79EFBC}") = "numtest", "numtest\numtest.csproj", "{D9FE6031-1C9B-4A29-A583-4541F9F5CFC8}"
EndProject
Global
	GlobalSection(SolutionConfigurationPlatforms) = preSolution
		Debug|Any CPU = Debug|Any CPU
		Release|Any CPU = Release|Any CPU
	EndGlobalSection
	GlobalSection(ProjectConfigurationPlatforms) = postSolution
		{F4DEA026-41AB-4332-AB22-26C27A87FDBA}.Debug|Any CPU.ActiveCfg = Debug|Any CPU
		{F4DEA026-41AB-4332-AB22-26C27A87FDBA}.Debug|Any CPU.Build.0 = Debug|Any CPU
		{F4DEA026-41AB-4332-AB22-26C27A87FDBA}.Release|Any CPU.ActiveCfg = Release|Any CPU
		{F4DEA026-41AB-4332-AB22-26C27A87FDBA}.Release|Any CPU.Build.0 = Release|Any CPU
		{D9FE6031-1C9B-4A29-A583-4541F9F5CFC8}.Debug|Any CPU.ActiveCfg = Debug|Any CPU
		{D9FE6031-1C9B-4A29-A583-4541F9F5CFC8}.Debug|Any CPU.Build.0 = Debug|Any CPU
		{D9FE6031-1C9B-4A29-A583-4541F9F5CFC8}.Release|Any CPU.ActiveCfg = Release|Any CPU
		{D9FE6031-1C9B-4A29-A583-4541F9F5CFC8}.Release|Any CPU.Build.0 = Release|Any CPU
	EndGlobalSection
EndGlobal
