
Microsoft Visual Studio Solution File, Format Version 12.00
# Visual Studio 15
VisualStudioVersion = 15.0.28307.136
MinimumVisualStudioVersion = 10.0.40219.1
Project("{FAE04EC0-301F-11D3-BF4B-00C04F79EFBC}") = "hello", "hello\hello.csproj", "{1FF6C248-D5BC-4958-AEED-EAA01C9F317B}"
EndProject
Global
	GlobalSection(SolutionConfigurationPlatforms) = preSolution
		Debug|Any CPU = Debug|Any CPU
		Release|Any CPU = Release|Any CPU
	EndGlobalSection
	GlobalSection(ProjectConfigurationPlatforms) = postSolution
		{1FF6C248-D5BC-4958-AEED-EAA01C9F317B}.Debug|Any CPU.ActiveCfg = Debug|Any CPU
		{1FF6C248-D5BC-4958-AEED-EAA01C9F317B}.Debug|Any CPU.Build.0 = Debug|Any CPU
		{1FF6C248-D5BC-4958-AEED-EAA01C9F317B}.Release|Any CPU.ActiveCfg = Release|Any CPU
		{1FF6C248-D5BC-4958-AEED-EAA01C9F317B}.Release|Any CPU.Build.0 = Release|Any CPU
	EndGlobalSection
	GlobalSection(SolutionProperties) = preSolution
		HideSolutionNode = FALSE
	EndGlobalSection
	GlobalSection(ExtensibilityGlobals) = postSolution
		SolutionGuid = {746CD1B2-3973-4393-8CDF-C0FB7D728E63}
	EndGlobalSection
EndGlobal
